// !$*UTF8*$!
{
	archiveVersion = 1;
	classes = {
	};
	objectVersion = 56;
	objects = {

/* Begin PBXBuildFile section */
		B6F55D952B170D2B00B669EE /* AppDelegate.swift in Sources */ = {isa = PBXBuildFile; fileRef = B6F55D942B170D2B00B669EE /* AppDelegate.swift */; };
		B6F55D972B170D2B00B669EE /* SceneDelegate.swift in Sources */ = {isa = PBXBuildFile; fileRef = B6F55D962B170D2B00B669EE /* SceneDelegate.swift */; };
		B6F55D992B170D2B00B669EE /* ViewController.swift in Sources */ = {isa = PBXBuildFile; fileRef = B6F55D982B170D2B00B669EE /* ViewController.swift */; };
		B6F55D9C2B170D2B00B669EE /* Main.storyboard in Resources */ = {isa = PBXBuildFile; fileRef = B6F55D9A2B170D2B00B669EE /* Main.storyboard */; };
		B6F55D9E2B170D2D00B669EE /* Assets.xcassets in Resources */ = {isa = PBXBuildFile; fileRef = B6F55D9D2B170D2D00B669EE /* Assets.xcassets */; };
		B6F55DA12B170D2D00B669EE /* LaunchScreen.storyboard in Resources */ = {isa = PBXBuildFile; fileRef = B6F55D9F2B170D2D00B669EE /* LaunchScreen.storyboard */; };
		B6F55DAA2B170D6D00B669EE /* ReactiveSwift in Frameworks */ = {isa = PBXBuildFile; productRef = B6F55DA92B170D6D00B669EE /* ReactiveSwift */; };
		B6F55DAD2B171F4E00B669EE /* ReactiveCocoa in Frameworks */ = {isa = PBXBuildFile; productRef = B6F55DAC2B171F4E00B669EE /* ReactiveCocoa */; };
/* End PBXBuildFile section */

/* Begin PBXFileReference section */
		B6F55D912B170D2B00B669EE /* ReactiveSwiftLifetime.app */ = {isa = PBXFileReference; explicitFileType = wrapper.application; includeInIndex = 0; path = ReactiveSwiftLifetime.app; sourceTree = BUILT_PRODUCTS_DIR; };
		B6F55D942B170D2B00B669EE /* AppDelegate.swift */ = {isa = PBXFileReference; lastKnownFileType = sourcecode.swift; path = AppDelegate.swift; sourceTree = "<group>"; };
		B6F55D962B170D2B00B669EE /* SceneDelegate.swift */ = {isa = PBXFileReference; lastKnownFileType = sourcecode.swift; path = SceneDelegate.swift; sourceTree = "<group>"; };
		B6F55D982B170D2B00B669EE /* ViewController.swift */ = {isa = PBXFileReference; lastKnownFileType = sourcecode.swift; path = ViewController.swift; sourceTree = "<group>"; };
		B6F55D9B2B170D2B00B669EE /* Base */ = {isa = PBXFileReference; lastKnownFileType = file.storyboard; name = Base; path = Base.lproj/Main.storyboard; sourceTree = "<group>"; };
		B6F55D9D2B170D2D00B669EE /* Assets.xcassets */ = {isa = PBXFileReference; lastKnownFileType = folder.assetcatalog; path = Assets.xcassets; sourceTree = "<group>"; };
		B6F55DA02B170D2D00B669EE /* Base */ = {isa = PBXFileReference; lastKnownFileType = file.storyboard; name = Base; path = Base.lproj/LaunchScreen.storyboard; sourceTree = "<group>"; };
		B6F55DA22B170D2D00B669EE /* Info.plist */ = {isa = PBXFileReference; lastKnownFileType = text.plist.xml; path = Info.plist; sourceTree = "<group>"; };
/* End PBXFileReference section */

/* Begin PBXFrameworksBuildPhase section */
		B6F55D8E2B170D2B00B669EE /* Frameworks */ = {
			isa = PBXFrameworksBuildPhase;
			buildActionMask = 2147483647;
			files = (
				B6F55DAA2B170D6D00B669EE /* ReactiveSwift in Frameworks */,
				B6F55DAD2B171F4E00B669EE /* ReactiveCocoa in Frameworks */,
			);
			runOnlyForDeploymentPostprocessing = 0;
		};
/* End PBXFrameworksBuildPhase section */

/* Begin PBXGroup section */
		B6F55D882B170D2B00B669EE = {
			isa = PBXGroup;
			children = (
				B6F55D932B170D2B00B669EE /* ReactiveSwiftLifetime */,
				B6F55D922B170D2B00B669EE /* Products */,
			);
			sourceTree = "<group>";
		};
		B6F55D922B170D2B00B669EE /* Products */ = {
			isa = PBXGroup;
			children = (
				B6F55D912B170D2B00B669EE /* ReactiveSwiftLifetime.app */,
			);
			name = Products;
			sourceTree = "<group>";
		};
		B6F55D932B170D2B00B669EE /* ReactiveSwiftLifetime */ = {
			isa = PBXGroup;
			children = (
				B6F55D942B170D2B00B669EE /* AppDelegate.swift */,
				B6F55D962B170D2B00B669EE /* SceneDelegate.swift */,
				B6F55D982B170D2B00B669EE /* ViewController.swift */,
				B6F55D9A2B170D2B00B669EE /* Main.storyboard */,
				B6F55D9D2B170D2D00B669EE /* Assets.xcassets */,
				B6F55D9F2B170D2D00B669EE /* LaunchScreen.storyboard */,
				B6F55DA22B170D2D00B669EE /* Info.plist */,
			);
			path = ReactiveSwiftLifetime;
			sourceTree = "<group>";
		};
/* End PBXGroup section */

/* Begin PBXNativeTarget section */
		B6F55D902B170D2B00B669EE /* ReactiveSwiftLifetime */ = {
			isa = PBXNativeTarget;
			buildConfigurationList = B6F55DA52B170D2D00B669EE /* Build configuration list for PBXNativeTarget "ReactiveSwiftLifetime" */;
			buildPhases = (
				B6F55D8D2B170D2B00B669EE /* Sources */,
				B6F55D8E2B170D2B00B669EE /* Frameworks */,
				B6F55D8F2B170D2B00B669EE /* Resources */,
			);
			buildRules = (
			);
			dependencies = (
			);
			name = ReactiveSwiftLifetime;
			packageProductDependencies = (
				B6F55DA92B170D6D00B669EE /* ReactiveSwift */,
				B6F55DAC2B171F4E00B669EE /* ReactiveCocoa */,
			);
			productName = ReactiveSwiftLifetime;
			productReference = B6F55D912B170D2B00B669EE /* ReactiveSwiftLifetime.app */;
			productType = "com.apple.product-type.application";
		};
/* End PBXNativeTarget section */

/* Begin PBXProject section */
		B6F55D892B170D2B00B669EE /* Project object */ = {
			isa = PBXProject;
			attributes = {
				BuildIndependentTargetsInParallel = 1;
				LastSwiftUpdateCheck = 1500;
				LastUpgradeCheck = 1500;
				TargetAttributes = {
					B6F55D902B170D2B00B669EE = {
						CreatedOnToolsVersion = 15.0.1;
					};
				};
			};
			buildConfigurationList = B6F55D8C2B170D2B00B669EE /* Build configuration list for PBXProject "ReactiveSwiftLifetime" */;
			compatibilityVersion = "Xcode 14.0";
			developmentRegion = en;
			hasScannedForEncodings = 0;
			knownRegions = (
				en,
				Base,
			);
			mainGroup = B6F55D882B170D2B00B669EE;
			packageReferences = (
				B6F55DA82B170D6D00B669EE /* XCRemoteSwiftPackageReference "ReactiveSwift" */,
				B6F55DAB2B171F4E00B669EE /* XCRemoteSwiftPackageReference "ReactiveCocoa" */,
			);
			productRefGroup = B6F55D922B170D2B00B669EE /* Products */;
			projectDirPath = "";
			projectRoot = "";
			targets = (
				B6F55D902B170D2B00B669EE /* ReactiveSwiftLifetime */,
			);
		};
/* End PBXProject section */

/* Begin PBXResourcesBuildPhase section */
		B6F55D8F2B170D2B00B669EE /* Resources */ = {
			isa = PBXResourcesBuildPhase;
			buildActionMask = 2147483647;
			files = (
				B6F55DA12B170D2D00B669EE /* LaunchScreen.storyboard in Resources */,
				B6F55D9E2B170D2D00B669EE /* Assets.xcassets in Resources */,
				B6F55D9C2B170D2B00B669EE /* Main.storyboard in Resources */,
			);
			runOnlyForDeploymentPostprocessing = 0;
		};
/* End PBXResourcesBuildPhase section */

/* Begin PBXSourcesBuildPhase section */
		B6F55D8D2B170D2B00B669EE /* Sources */ = {
			isa = PBXSourcesBuildPhase;
			buildActionMask = 2147483647;
			files = (
				B6F55D992B170D2B00B669EE /* ViewController.swift in Sources */,
				B6F55D952B170D2B00B669EE /* AppDelegate.swift in Sources */,
				B6F55D972B170D2B00B669EE /* SceneDelegate.swift in Sources */,
			);
			runOnlyForDeploymentPostprocessing = 0;
		};
/* End PBXSourcesBuildPhase section */

/* Begin PBXVariantGroup section */
		B6F55D9A2B170D2B00B669EE /* Main.storyboard */ = {
			isa = PBXVariantGroup;
			children = (
				B6F55D9B2B170D2B00B669EE /* Base */,
			);
			name = Main.storyboard;
			sourceTree = "<group>";
		};
		B6F55D9F2B170D2D00B669EE /* LaunchScreen.storyboard */ = {
			isa = PBXVariantGroup;
			children = (
				B6F55DA02B170D2D00B669EE /* Base */,
			);
			name = LaunchScreen.storyboard;
			sourceTree = "<group>";
		};
/* End PBXVariantGroup section */

/* Begin XCBuildConfiguration section */
		B6F55DA32B170D2D00B669EE /* Debug */ = {
			isa = XCBuildConfiguration;
			buildSettings = {
				ALWAYS_SEARCH_USER_PATHS = NO;
				ASSETCATALOG_COMPILER_GENERATE_SWIFT_ASSET_SYMBOL_EXTENSIONS = YES;
				CLANG_ANALYZER_NONNULL = YES;
				CLANG_ANALYZER_NUMBER_OBJECT_CONVERSION = YES_AGGRESSIVE;
				CLANG_CXX_LANGUAGE_STANDARD = "gnu++20";
				CLANG_ENABLE_MODULES = YES;
				CLANG_ENABLE_OBJC_ARC = YES;
				CLANG_ENABLE_OBJC_WEAK = YES;
				CLANG_WARN_BLOCK_CAPTURE_AUTORELEASING = YES;
				CLANG_WARN_BOOL_CONVERSION = YES;
				CLANG_WARN_COMMA = YES;
				CLANG_WARN_CONSTANT_CONVERSION = YES;
				CLANG_WARN_DEPRECATED_OBJC_IMPLEMENTATIONS = YES;
				CLANG_WARN_DIRECT_OBJC_ISA_USAGE = YES_ERROR;
				CLANG_WARN_DOCUMENTATION_COMMENTS = YES;
				CLANG_WARN_EMPTY_BODY = YES;
				CLANG_WARN_ENUM_CONVERSION = YES;
				CLANG_WARN_INFINITE_RECURSION = YES;
				CLANG_WARN_INT_CONVERSION = YES;
				CLANG_WARN_NON_LITERAL_NULL_CONVERSION = YES;
				CLANG_WARN_OBJC_IMPLICIT_RETAIN_SELF = YES;
				CLANG_WARN_OBJC_LITERAL_CONVERSION = YES;
				CLANG_WARN_OBJC_ROOT_CLASS = YES_ERROR;
				CLANG_WARN_QUOTED_INCLUDE_IN_FRAMEWORK_HEADER = YES;
				CLANG_WARN_RANGE_LOOP_ANALYSIS = YES;
				CLANG_WARN_STRICT_PROTOTYPES = YES;
				CLANG_WARN_SUSPICIOUS_MOVE = YES;
				CLANG_WARN_UNGUARDED_AVAILABILITY = YES_AGGRESSIVE;
				CLANG_WARN_UNREACHABLE_CODE = YES;
				CLANG_WARN__DUPLICATE_METHOD_MATCH = YES;
				COPY_PHASE_STRIP = NO;
				DEBUG_INFORMATION_FORMAT = dwarf;
				ENABLE_STRICT_OBJC_MSGSEND = YES;
				ENABLE_TESTABILITY = YES;
				ENABLE_USER_SCRIPT_SANDBOXING = YES;
				GCC_C_LANGUAGE_STANDARD = gnu17;
				GCC_DYNAMIC_NO_PIC = NO;
				GCC_NO_COMMON_BLOCKS = YES;
				GCC_OPTIMIZATION_LEVEL = 0;
				GCC_PREPROCESSOR_DEFINITIONS = (
					"DEBUG=1",
					"$(inherited)",
				);
				GCC_WARN_64_TO_32_BIT_CONVERSION = YES;
				GCC_WARN_ABOUT_RETURN_TYPE = YES_ERROR;
				GCC_WARN_UNDECLARED_SELECTOR = YES;
				GCC_WARN_UNINITIALIZED_AUTOS = YES_AGGRESSIVE;
				GCC_WARN_UNUSED_FUNCTION = YES;
				GCC_WARN_UNUSED_VARIABLE = YES;
				IPHONEOS_DEPLOYMENT_TARGET = 17.0;
				LOCALIZATION_PREFERS_STRING_CATALOGS = YES;
				MTL_ENABLE_DEBUG_INFO = INCLUDE_SOURCE;
				MTL_FAST_MATH = YES;
				ONLY_ACTIVE_ARCH = YES;
				SDKROOT = iphoneos;
				SWIFT_ACTIVE_COMPILATION_CONDITIONS = "DEBUG $(inherited)";
				SWIFT_OPTIMIZATION_LEVEL = "-Onone";
			};
			name = Debug;
		};
		B6F55DA42B170D2D00B669EE /* Release */ = {
			isa = XCBuildConfiguration;
			buildSettings = {
				ALWAYS_SEARCH_USER_PATHS = NO;
				ASSETCATALOG_COMPILER_GENERATE_SWIFT_ASSET_SYMBOL_EXTENSIONS = YES;
				CLANG_ANALYZER_NONNULL = YES;
				CLANG_ANALYZER_NUMBER_OBJECT_CONVERSION = YES_AGGRESSIVE;
				CLANG_CXX_LANGUAGE_STANDARD = "gnu++20";
				CLANG_ENABLE_MODULES = YES;
				CLANG_ENABLE_OBJC_ARC = YES;
				CLANG_ENABLE_OBJC_WEAK = YES;
				CLANG_WARN_BLOCK_CAPTURE_AUTORELEASING = YES;
				CLANG_WARN_BOOL_CONVERSION = YES;
				CLANG_WARN_COMMA = YES;
				CLANG_WARN_CONSTANT_CONVERSION = YES;
				CLANG_WARN_DEPRECATED_OBJC_IMPLEMENTATIONS = YES;
				CLANG_WARN_DIRECT_OBJC_ISA_USAGE = YES_ERROR;
				CLANG_WARN_DOCUMENTATION_COMMENTS = YES;
				CLANG_WARN_EMPTY_BODY = YES;
				CLANG_WARN_ENUM_CONVERSION = YES;
				CLANG_WARN_INFINITE_RECURSION = YES;
				CLANG_WARN_INT_CONVERSION = YES;
				CLANG_WARN_NON_LITERAL_NULL_CONVERSION = YES;
				CLANG_WARN_OBJC_IMPLICIT_RETAIN_SELF = YES;
				CLANG_WARN_OBJC_LITERAL_CONVERSION = YES;
				CLANG_WARN_OBJC_ROOT_CLASS = YES_ERROR;
				CLANG_WARN_QUOTED_INCLUDE_IN_FRAMEWORK_HEADER = YES;
				CLANG_WARN_RANGE_LOOP_ANALYSIS = YES;
				CLANG_WARN_STRICT_PROTOTYPES = YES;
				CLANG_WARN_SUSPICIOUS_MOVE = YES;
				CLANG_WARN_UNGUARDED_AVAILABILITY = YES_AGGRESSIVE;
				CLANG_WARN_UNREACHABLE_CODE = YES;
				CLANG_WARN__DUPLICATE_METHOD_MATCH = YES;
				COPY_PHASE_STRIP = NO;
				DEBUG_INFORMATION_FORMAT = "dwarf-with-dsym";
				ENABLE_NS_ASSERTIONS = NO;
				ENABLE_STRICT_OBJC_MSGSEND = YES;
				ENABLE_USER_SCRIPT_SANDBOXING = YES;
				GCC_C_LANGUAGE_STANDARD = gnu17;
				GCC_NO_COMMON_BLOCKS = YES;
				GCC_WARN_64_TO_32_BIT_CONVERSION = YES;
				GCC_WARN_ABOUT_RETURN_TYPE = YES_ERROR;
				GCC_WARN_UNDECLARED_SELECTOR = YES;
				GCC_WARN_UNINITIALIZED_AUTOS = YES_AGGRESSIVE;
				GCC_WARN_UNUSED_FUNCTION = YES;
				GCC_WARN_UNUSED_VARIABLE = YES;
				IPHONEOS_DEPLOYMENT_TARGET = 17.0;
				LOCALIZATION_PREFERS_STRING_CATALOGS = YES;
				MTL_ENABLE_DEBUG_INFO = NO;
				MTL_FAST_MATH = YES;
				SDKROOT = iphoneos;
				SWIFT_COMPILATION_MODE = wholemodule;
				VALIDATE_PRODUCT = YES;
			};
			name = Release;
		};
		B6F55DA62B170D2D00B669EE /* Debug */ = {
			isa = XCBuildConfiguration;
			buildSettings = {
				ASSETCATALOG_COMPILER_APPICON_NAME = AppIcon;
				ASSETCATALOG_COMPILER_GLOBAL_ACCENT_COLOR_NAME = AccentColor;
				CODE_SIGN_STYLE = Automatic;
				CURRENT_PROJECT_VERSION = 1;
				DEVELOPMENT_TEAM = G8222SN29F;
				GENERATE_INFOPLIST_FILE = YES;
				INFOPLIST_FILE = ReactiveSwiftLifetime/Info.plist;
				INFOPLIST_KEY_UIApplicationSupportsIndirectInputEvents = YES;
				INFOPLIST_KEY_UILaunchStoryboardName = LaunchScreen;
				INFOPLIST_KEY_UIMainStoryboardFile = Main;
				INFOPLIST_KEY_UISupportedInterfaceOrientations_iPad = "UIInterfaceOrientationPortrait UIInterfaceOrientationPortraitUpsideDown UIInterfaceOrientationLandscapeLeft UIInterfaceOrientationLandscapeRight";
				INFOPLIST_KEY_UISupportedInterfaceOrientations_iPhone = "UIInterfaceOrientationPortrait UIInterfaceOrientationLandscapeLeft UIInterfaceOrientationLandscapeRight";
				LD_RUNPATH_SEARCH_PATHS = (
					"$(inherited)",
					"@executable_path/Frameworks",
				);
				MARKETING_VERSION = 1.0;
				PRODUCT_BUNDLE_IDENTIFIER = test.ReactiveSwiftLifetime;
				PRODUCT_NAME = "$(TARGET_NAME)";
				SWIFT_EMIT_LOC_STRINGS = YES;
				SWIFT_VERSION = 5.0;
				TARGETED_DEVICE_FAMILY = "1,2";
			};
			name = Debug;
		};
		B6F55DA72B170D2D00B669EE /* Release */ = {
			isa = XCBuildConfiguration;
			buildSettings = {
				ASSETCATALOG_COMPILER_APPICON_NAME = AppIcon;
				ASSETCATALOG_COMPILER_GLOBAL_ACCENT_COLOR_NAME = AccentColor;
				CODE_SIGN_STYLE = Automatic;
				CURRENT_PROJECT_VERSION = 1;
				DEVELOPMENT_TEAM = G8222SN29F;
				GENERATE_INFOPLIST_FILE = YES;
				INFOPLIST_FILE = ReactiveSwiftLifetime/Info.plist;
				INFOPLIST_KEY_UIApplicationSupportsIndirectInputEvents = YES;
				INFOPLIST_KEY_UILaunchStoryboardName = LaunchScreen;
				INFOPLIST_KEY_UIMainStoryboardFile = Main;
				INFOPLIST_KEY_UISupportedInterfaceOrientations_iPad = "UIInterfaceOrientationPortrait UIInterfaceOrientationPortraitUpsideDown UIInterfaceOrientationLandscapeLeft UIInterfaceOrientationLandscapeRight";
				INFOPLIST_KEY_UISupportedInterfaceOrientations_iPhone = "UIInterfaceOrientationPortrait UIInterfaceOrientationLandscapeLeft UIInterfaceOrientationLandscapeRight";
				LD_RUNPATH_SEARCH_PATHS = (
					"$(inherited)",
					"@executable_path/Frameworks",
				);
				MARKETING_VERSION = 1.0;
				PRODUCT_BUNDLE_IDENTIFIER = test.ReactiveSwiftLifetime;
				PRODUCT_NAME = "$(TARGET_NAME)";
				SWIFT_EMIT_LOC_STRINGS = YES;
				SWIFT_VERSION = 5.0;
				TARGETED_DEVICE_FAMILY = "1,2";
			};
			name = Release;
		};
/* End XCBuildConfiguration section */

/* Begin XCConfigurationList section */
		B6F55D8C2B170D2B00B669EE /* Build configuration list for PBXProject "ReactiveSwiftLifetime" */ = {
			isa = XCConfigurationList;
			buildConfigurations = (
				B6F55DA32B170D2D00B669EE /* Debug */,
				B6F55DA42B170D2D00B669EE /* Release */,
			);
			defaultConfigurationIsVisible = 0;
			defaultConfigurationName = Release;
		};
		B6F55DA52B170D2D00B669EE /* Build configuration list for PBXNativeTarget "ReactiveSwiftLifetime" */ = {
			isa = XCConfigurationList;
			buildConfigurations = (
				B6F55DA62B170D2D00B669EE /* Debug */,
				B6F55DA72B170D2D00B669EE /* Release */,
			);
			defaultConfigurationIsVisible = 0;
			defaultConfigurationName = Release;
		};
/* End XCConfigurationList section */

/* Begin XCRemoteSwiftPackageReference section */
		B6F55DA82B170D6D00B669EE /* XCRemoteSwiftPackageReference "ReactiveSwift" */ = {
			isa = XCRemoteSwiftPackageReference;
			repositoryURL = "https://github.com/ReactiveCocoa/ReactiveSwift.git";
			requirement = {
				kind = upToNextMajorVersion;
				minimumVersion = 7.1.1;
			};
		};
		B6F55DAB2B171F4E00B669EE /* XCRemoteSwiftPackageReference "ReactiveCocoa" */ = {
			isa = XCRemoteSwiftPackageReference;
			repositoryURL = "https://github.com/ReactiveCocoa/ReactiveCocoa.git";
			requirement = {
				kind = upToNextMajorVersion;
				minimumVersion = 12.0.0;
			};
		};
/* End XCRemoteSwiftPackageReference section */

/* Begin XCSwiftPackageProductDependency section */
		B6F55DA92B170D6D00B669EE /* ReactiveSwift */ = {
			isa = XCSwiftPackageProductDependency;
			package = B6F55DA82B170D6D00B669EE /* XCRemoteSwiftPackageReference "ReactiveSwift" */;
			productName = ReactiveSwift;
		};
		B6F55DAC2B171F4E00B669EE /* ReactiveCocoa */ = {
			isa = XCSwiftPackageProductDependency;
			package = B6F55DAB2B171F4E00B669EE /* XCRemoteSwiftPackageReference "ReactiveCocoa" */;
			productName = ReactiveCocoa;
		};
/* End XCSwiftPackageProductDependency section */
	};
	rootObject = B6F55D892B170D2B00B669EE /* Project object */;
}
